
Microsoft Visual Studio Solution File, Format Version 12.00
# Visual Studio 15
Project("{FAE04EC0-301F-11D3-BF4B-00C04F79EFBC}") = "DividedSquares", "DividedSquares.csproj", "{F3432CD0-4A7C-5F3D-8F23-4CBD70A2AC2E}"
EndProject
Project("{FAE04EC0-301F-11D3-BF4B-00C04F79EFBC}") = "DividedSquares.Editor", "DividedSquares.Editor.csproj", "{3907DC61-3C7A-1FC4-73C8-02A5DE05CCE9}"
EndProject
Global
	GlobalSection(SolutionConfigurationPlatforms) = preSolution
		Debug|Any CPU = Debug|Any CPU
		Release|Any CPU = Release|Any CPU
	EndGlobalSection
	GlobalSection(ProjectConfigurationPlatforms) = postSolution
		{F3432CD0-4A7C-5F3D-8F23-4CBD70A2AC2E}.Debug|Any CPU.ActiveCfg = Debug|Any CPU
		{F3432CD0-4A7C-5F3D-8F23-4CBD70A2AC2E}.Debug|Any CPU.Build.0 = Debug|Any CPU
		{F3432CD0-4A7C-5F3D-8F23-4CBD70A2AC2E}.Release|Any CPU.ActiveCfg = Release|Any CPU
		{F3432CD0-4A7C-5F3D-8F23-4CBD70A2AC2E}.Release|Any CPU.Build.0 = Release|Any CPU
		{3907DC61-3C7A-1FC4-73C8-02A5DE05CCE9}.Debug|Any CPU.ActiveCfg = Debug|Any CPU
		{3907DC61-3C7A-1FC4-73C8-02A5DE05CCE9}.Debug|Any CPU.Build.0 = Debug|Any CPU
		{3907DC61-3C7A-1FC4-73C8-02A5DE05CCE9}.Release|Any CPU.ActiveCfg = Release|Any CPU
		{3907DC61-3C7A-1FC4-73C8-02A5DE05CCE9}.Release|Any CPU.Build.0 = Release|Any CPU
	EndGlobalSection
	GlobalSection(SolutionProperties) = preSolution
		HideSolutionNode = FALSE
	EndGlobalSection
EndGlobal
